
Microsoft Visual Studio Solution File, Format Version 12.00
# Visual Studio 14
VisualStudioVersion = 14.0.25420.1
MinimumVisualStudioVersion = 10.0.40219.1
Project("{FAE04EC0-301F-11D3-BF4B-00C04F79EFBC}") = "VisitorPattern", "VisitorPattern\VisitorPattern.csproj", "{DFC53F10-40E5-40BF-A586-EABFF80D95D0}"
EndProject
Project("{FAE04EC0-301F-11D3-BF4B-00C04F79EFBC}") = "ObserverPattern", "ObserverPattern\ObserverPattern.csproj", "{C253D23C-107C-4D53-A5F5-C18E138F39F5}"
EndProject
Project("{FAE04EC0-301F-11D3-BF4B-00C04F79EFBC}") = "MediatorPattern", "MediatorPattern\MediatorPattern.csproj", "{BFC092B1-AEA8-4DB9-8A70-46964138C5EC}"
EndProject
Project("{FAE04EC0-301F-11D3-BF4B-00C04F79EFBC}") = "StrategyPattern", "StrategyPattern\StrategyPattern.csproj", "{C0309080-7155-4A32-8566-3873A39CA1BC}"
EndProject
Project("{FAE04EC0-301F-11D3-BF4B-00C04F79EFBC}") = "InterpreterPattern", "InterpreterPattern\InterpreterPattern.csproj", "{70B471DD-6056-4559-A505-DB77634AB4B8}"
EndProject
Global
	GlobalSection(SolutionConfigurationPlatforms) = preSolution
		Debug|Any CPU = Debug|Any CPU
		Release|Any CPU = Release|Any CPU
	EndGlobalSection
	GlobalSection(ProjectConfigurationPlatforms) = postSolution
		{DFC53F10-40E5-40BF-A586-EABFF80D95D0}.Debug|Any CPU.ActiveCfg = Debug|Any CPU
		{DFC53F10-40E5-40BF-A586-EABFF80D95D0}.Debug|Any CPU.Build.0 = Debug|Any CPU
		{DFC53F10-40E5-40BF-A586-EABFF80D95D0}.Release|Any CPU.ActiveCfg = Release|Any CPU
		{DFC53F10-40E5-40BF-A586-EABFF80D95D0}.Release|Any CPU.Build.0 = Release|Any CPU
		{C253D23C-107C-4D53-A5F5-C18E138F39F5}.Debug|Any CPU.ActiveCfg = Debug|Any CPU
		{C253D23C-107C-4D53-A5F5-C18E138F39F5}.Debug|Any CPU.Build.0 = Debug|Any CPU
		{C253D23C-107C-4D53-A5F5-C18E138F39F5}.Release|Any CPU.ActiveCfg = Release|Any CPU
		{C253D23C-107C-4D53-A5F5-C18E138F39F5}.Release|Any CPU.Build.0 = Release|Any CPU
		{BFC092B1-AEA8-4DB9-8A70-46964138C5EC}.Debug|Any CPU.ActiveCfg = Debug|Any CPU
		{BFC092B1-AEA8-4DB9-8A70-46964138C5EC}.Debug|Any CPU.Build.0 = Debug|Any CPU
		{BFC092B1-AEA8-4DB9-8A70-46964138C5EC}.Release|Any CPU.ActiveCfg = Release|Any CPU
		{BFC092B1-AEA8-4DB9-8A70-46964138C5EC}.Release|Any CPU.Build.0 = Release|Any CPU
		{C0309080-7155-4A32-8566-3873A39CA1BC}.Debug|Any CPU.ActiveCfg = Debug|Any CPU
		{C0309080-7155-4A32-8566-3873A39CA1BC}.Debug|Any CPU.Build.0 = Debug|Any CPU
		{C0309080-7155-4A32-8566-3873A39CA1BC}.Release|Any CPU.ActiveCfg = Release|Any CPU
		{C0309080-7155-4A32-8566-3873A39CA1BC}.Release|Any CPU.Build.0 = Release|Any CPU
		{70B471DD-6056-4559-A505-DB77634AB4B8}.Debug|Any CPU.ActiveCfg = Debug|Any CPU
		{70B471DD-6056-4559-A505-DB77634AB4B8}.Debug|Any CPU.Build.0 = Debug|Any CPU
		{70B471DD-6056-4559-A505-DB77634AB4B8}.Release|Any CPU.ActiveCfg = Release|Any CPU
		{70B471DD-6056-4559-A505-DB77634AB4B8}.Release|Any CPU.Build.0 = Release|Any CPU
	EndGlobalSection
	GlobalSection(SolutionProperties) = preSolution
		HideSolutionNode = FALSE
	EndGlobalSection
EndGlobal
